// !$*UTF8*$!
{
	archiveVersion = 1;
	classes = {
	};
	objectVersion = 56;
	objects = {

/* Begin PBXBuildFile section */
		D720C9302BEA42D90069E3DB /* GuidebookApp.swift in Sources */ = {isa = PBXBuildFile; fileRef = D720C92F2BEA42D90069E3DB /* GuidebookApp.swift */; };
		D720C9322BEA42D90069E3DB /* CityView.swift in Sources */ = {isa = PBXBuildFile; fileRef = D720C9312BEA42D90069E3DB /* CityView.swift */; };
		D720C9342BEA42DA0069E3DB /* Assets.xcassets in Resources */ = {isa = PBXBuildFile; fileRef = D720C9332BEA42DA0069E3DB /* Assets.xcassets */; };
		D720C9372BEA42DA0069E3DB /* Preview Assets.xcassets in Resources */ = {isa = PBXBuildFile; fileRef = D720C9362BEA42DA0069E3DB /* Preview Assets.xcassets */; };
		D720C93E2BEAAC420069E3DB /* AttractionView.swift in Sources */ = {isa = PBXBuildFile; fileRef = D720C93D2BEAAC420069E3DB /* AttractionView.swift */; };
		D720C9402BEAAC500069E3DB /* DetailView.swift in Sources */ = {isa = PBXBuildFile; fileRef = D720C93F2BEAAC500069E3DB /* DetailView.swift */; };
		D720C9422BEAACBB0069E3DB /* DataService.swift in Sources */ = {isa = PBXBuildFile; fileRef = D720C9412BEAACBB0069E3DB /* DataService.swift */; };
		D720C9442BEAAD260069E3DB /* City.swift in Sources */ = {isa = PBXBuildFile; fileRef = D720C9432BEAAD260069E3DB /* City.swift */; };
		D720C9462BEAADE60069E3DB /* Attraction.swift in Sources */ = {isa = PBXBuildFile; fileRef = D720C9452BEAADE60069E3DB /* Attraction.swift */; };
/* End PBXBuildFile section */

/* Begin PBXFileReference section */
		D720C92C2BEA42D90069E3DB /* Guidebook.app */ = {isa = PBXFileReference; explicitFileType = wrapper.application; includeInIndex = 0; path = Guidebook.app; sourceTree = BUILT_PRODUCTS_DIR; };
		D720C92F2BEA42D90069E3DB /* GuidebookApp.swift */ = {isa = PBXFileReference; lastKnownFileType = sourcecode.swift; path = GuidebookApp.swift; sourceTree = "<group>"; };
		D720C9312BEA42D90069E3DB /* CityView.swift */ = {isa = PBXFileReference; lastKnownFileType = sourcecode.swift; path = CityView.swift; sourceTree = "<group>"; };
		D720C9332BEA42DA0069E3DB /* Assets.xcassets */ = {isa = PBXFileReference; lastKnownFileType = folder.assetcatalog; path = Assets.xcassets; sourceTree = "<group>"; };
		D720C9362BEA42DA0069E3DB /* Preview Assets.xcassets */ = {isa = PBXFileReference; lastKnownFileType = folder.assetcatalog; path = "Preview Assets.xcassets"; sourceTree = "<group>"; };
		D720C93D2BEAAC420069E3DB /* AttractionView.swift */ = {isa = PBXFileReference; lastKnownFileType = sourcecode.swift; path = AttractionView.swift; sourceTree = "<group>"; };
		D720C93F2BEAAC500069E3DB /* DetailView.swift */ = {isa = PBXFileReference; lastKnownFileType = sourcecode.swift; path = DetailView.swift; sourceTree = "<group>"; };
		D720C9412BEAACBB0069E3DB /* DataService.swift */ = {isa = PBXFileReference; lastKnownFileType = sourcecode.swift; path = DataService.swift; sourceTree = "<group>"; };
		D720C9432BEAAD260069E3DB /* City.swift */ = {isa = PBXFileReference; lastKnownFileType = sourcecode.swift; path = City.swift; sourceTree = "<group>"; };
		D720C9452BEAADE60069E3DB /* Attraction.swift */ = {isa = PBXFileReference; lastKnownFileType = sourcecode.swift; path = Attraction.swift; sourceTree = "<group>"; };
/* End PBXFileReference section */

/* Begin PBXFrameworksBuildPhase section */
		D720C9292BEA42D90069E3DB /* Frameworks */ = {
			isa = PBXFrameworksBuildPhase;
			buildActionMask = 2147483647;
			files = (
			);
			runOnlyForDeploymentPostprocessing = 0;
		};
/* End PBXFrameworksBuildPhase section */

/* Begin PBXGroup section */
		D720C9232BEA42D90069E3DB = {
			isa = PBXGroup;
			children = (
				D720C92E2BEA42D90069E3DB /* Guidebook */,
				D720C92D2BEA42D90069E3DB /* Products */,
			);
			sourceTree = "<group>";
		};
		D720C92D2BEA42D90069E3DB /* Products */ = {
			isa = PBXGroup;
			children = (
				D720C92C2BEA42D90069E3DB /* Guidebook.app */,
			);
			name = Products;
			sourceTree = "<group>";
		};
		D720C92E2BEA42D90069E3DB /* Guidebook */ = {
			isa = PBXGroup;
			children = (
				D720C92F2BEA42D90069E3DB /* GuidebookApp.swift */,
				D720C9312BEA42D90069E3DB /* CityView.swift */,
				D720C93D2BEAAC420069E3DB /* AttractionView.swift */,
				D720C93F2BEAAC500069E3DB /* DetailView.swift */,
				D720C9412BEAACBB0069E3DB /* DataService.swift */,
				D720C9432BEAAD260069E3DB /* City.swift */,
				D720C9452BEAADE60069E3DB /* Attraction.swift */,
				D720C9332BEA42DA0069E3DB /* Assets.xcassets */,
				D720C9352BEA42DA0069E3DB /* Preview Content */,
			);
			path = Guidebook;
			sourceTree = "<group>";
		};
		D720C9352BEA42DA0069E3DB /* Preview Content */ = {
			isa = PBXGroup;
			children = (
				D720C9362BEA42DA0069E3DB /* Preview Assets.xcassets */,
			);
			path = "Preview Content";
			sourceTree = "<group>";
		};
/* End PBXGroup section */

/* Begin PBXNativeTarget section */
		D720C92B2BEA42D90069E3DB /* Guidebook */ = {
			isa = PBXNativeTarget;
			buildConfigurationList = D720C93A2BEA42DA0069E3DB /* Build configuration list for PBXNativeTarget "Guidebook" */;
			buildPhases = (
				D720C9282BEA42D90069E3DB /* Sources */,
				D720C9292BEA42D90069E3DB /* Frameworks */,
				D720C92A2BEA42D90069E3DB /* Resources */,
			);
			buildRules = (
			);
			dependencies = (
			);
			name = Guidebook;
			productName = Guidebook;
			productReference = D720C92C2BEA42D90069E3DB /* Guidebook.app */;
			productType = "com.apple.product-type.application";
		};
/* End PBXNativeTarget section */

/* Begin PBXProject section */
		D720C9242BEA42D90069E3DB /* Project object */ = {
			isa = PBXProject;
			attributes = {
				BuildIndependentTargetsInParallel = 1;
				LastSwiftUpdateCheck = 1530;
				LastUpgradeCheck = 1530;
				TargetAttributes = {
					D720C92B2BEA42D90069E3DB = {
						CreatedOnToolsVersion = 15.3;
					};
				};
			};
			buildConfigurationList = D720C9272BEA42D90069E3DB /* Build configuration list for PBXProject "Guidebook" */;
			compatibilityVersion = "Xcode 14.0";
			developmentRegion = en;
			hasScannedForEncodings = 0;
			knownRegions = (
				en,
				Base,
			);
			mainGroup = D720C9232BEA42D90069E3DB;
			productRefGroup = D720C92D2BEA42D90069E3DB /* Products */;
			projectDirPath = "";
			projectRoot = "";
			targets = (
				D720C92B2BEA42D90069E3DB /* Guidebook */,
			);
		};
/* End PBXProject section */

/* Begin PBXResourcesBuildPhase section */
		D720C92A2BEA42D90069E3DB /* Resources */ = {
			isa = PBXResourcesBuildPhase;
			buildActionMask = 2147483647;
			files = (
				D720C9372BEA42DA0069E3DB /* Preview Assets.xcassets in Resources */,
				D720C9342BEA42DA0069E3DB /* Assets.xcassets in Resources */,
			);
			runOnlyForDeploymentPostprocessing = 0;
		};
/* End PBXResourcesBuildPhase section */

/* Begin PBXSourcesBuildPhase section */
		D720C9282BEA42D90069E3DB /* Sources */ = {
			isa = PBXSourcesBuildPhase;
			buildActionMask = 2147483647;
			files = (
				D720C9322BEA42D90069E3DB /* CityView.swift in Sources */,
				D720C9402BEAAC500069E3DB /* DetailView.swift in Sources */,
				D720C9442BEAAD260069E3DB /* City.swift in Sources */,
				D720C9462BEAADE60069E3DB /* Attraction.swift in Sources */,
				D720C9302BEA42D90069E3DB /* GuidebookApp.swift in Sources */,
				D720C93E2BEAAC420069E3DB /* AttractionView.swift in Sources */,
				D720C9422BEAACBB0069E3DB /* DataService.swift in Sources */,
			);
			runOnlyForDeploymentPostprocessing = 0;
		};
/* End PBXSourcesBuildPhase section */

/* Begin XCBuildConfiguration section */
		D720C9382BEA42DA0069E3DB /* Debug */ = {
			isa = XCBuildConfiguration;
			buildSettings = {
				ALWAYS_SEARCH_USER_PATHS = NO;
				ASSETCATALOG_COMPILER_GENERATE_SWIFT_ASSET_SYMBOL_EXTENSIONS = YES;
				CLANG_ANALYZER_NONNULL = YES;
				CLANG_ANALYZER_NUMBER_OBJECT_CONVERSION = YES_AGGRESSIVE;
				CLANG_CXX_LANGUAGE_STANDARD = "gnu++20";
				CLANG_ENABLE_MODULES = YES;
				CLANG_ENABLE_OBJC_ARC = YES;
				CLANG_ENABLE_OBJC_WEAK = YES;
				CLANG_WARN_BLOCK_CAPTURE_AUTORELEASING = YES;
				CLANG_WARN_BOOL_CONVERSION = YES;
				CLANG_WARN_COMMA = YES;
				CLANG_WARN_CONSTANT_CONVERSION = YES;
				CLANG_WARN_DEPRECATED_OBJC_IMPLEMENTATIONS = YES;
				CLANG_WARN_DIRECT_OBJC_ISA_USAGE = YES_ERROR;
				CLANG_WARN_DOCUMENTATION_COMMENTS = YES;
				CLANG_WARN_EMPTY_BODY = YES;
				CLANG_WARN_ENUM_CONVERSION = YES;
				CLANG_WARN_INFINITE_RECURSION = YES;
				CLANG_WARN_INT_CONVERSION = YES;
				CLANG_WARN_NON_LITERAL_NULL_CONVERSION = YES;
				CLANG_WARN_OBJC_IMPLICIT_RETAIN_SELF = YES;
				CLANG_WARN_OBJC_LITERAL_CONVERSION = YES;
				CLANG_WARN_OBJC_ROOT_CLASS = YES_ERROR;
				CLANG_WARN_QUOTED_INCLUDE_IN_FRAMEWORK_HEADER = YES;
				CLANG_WARN_RANGE_LOOP_ANALYSIS = YES;
				CLANG_WARN_STRICT_PROTOTYPES = YES;
				CLANG_WARN_SUSPICIOUS_MOVE = YES;
				CLANG_WARN_UNGUARDED_AVAILABILITY = YES_AGGRESSIVE;
				CLANG_WARN_UNREACHABLE_CODE = YES;
				CLANG_WARN__DUPLICATE_METHOD_MATCH = YES;
				COPY_PHASE_STRIP = NO;
				DEBUG_INFORMATION_FORMAT = dwarf;
				ENABLE_STRICT_OBJC_MSGSEND = YES;
				ENABLE_TESTABILITY = YES;
				ENABLE_USER_SCRIPT_SANDBOXING = YES;
				GCC_C_LANGUAGE_STANDARD = gnu17;
				GCC_DYNAMIC_NO_PIC = NO;
				GCC_NO_COMMON_BLOCKS = YES;
				GCC_OPTIMIZATION_LEVEL = 0;
				GCC_PREPROCESSOR_DEFINITIONS = (
					"DEBUG=1",
					"$(inherited)",
				);
				GCC_WARN_64_TO_32_BIT_CONVERSION = YES;
				GCC_WARN_ABOUT_RETURN_TYPE = YES_ERROR;
				GCC_WARN_UNDECLARED_SELECTOR = YES;
				GCC_WARN_UNINITIALIZED_AUTOS = YES_AGGRESSIVE;
				GCC_WARN_UNUSED_FUNCTION = YES;
				GCC_WARN_UNUSED_VARIABLE = YES;
				IPHONEOS_DEPLOYMENT_TARGET = 17.4;
				LOCALIZATION_PREFERS_STRING_CATALOGS = YES;
				MTL_ENABLE_DEBUG_INFO = INCLUDE_SOURCE;
				MTL_FAST_MATH = YES;
				ONLY_ACTIVE_ARCH = YES;
				SDKROOT = iphoneos;
				SWIFT_ACTIVE_COMPILATION_CONDITIONS = "DEBUG $(inherited)";
				SWIFT_OPTIMIZATION_LEVEL = "-Onone";
			};
			name = Debug;
		};
		D720C9392BEA42DA0069E3DB /* Release */ = {
			isa = XCBuildConfiguration;
			buildSettings = {
				ALWAYS_SEARCH_USER_PATHS = NO;
				ASSETCATALOG_COMPILER_GENERATE_SWIFT_ASSET_SYMBOL_EXTENSIONS = YES;
				CLANG_ANALYZER_NONNULL = YES;
				CLANG_ANALYZER_NUMBER_OBJECT_CONVERSION = YES_AGGRESSIVE;
				CLANG_CXX_LANGUAGE_STANDARD = "gnu++20";
				CLANG_ENABLE_MODULES = YES;
				CLANG_ENABLE_OBJC_ARC = YES;
				CLANG_ENABLE_OBJC_WEAK = YES;
				CLANG_WARN_BLOCK_CAPTURE_AUTORELEASING = YES;
				CLANG_WARN_BOOL_CONVERSION = YES;
				CLANG_WARN_COMMA = YES;
				CLANG_WARN_CONSTANT_CONVERSION = YES;
				CLANG_WARN_DEPRECATED_OBJC_IMPLEMENTATIONS = YES;
				CLANG_WARN_DIRECT_OBJC_ISA_USAGE = YES_ERROR;
				CLANG_WARN_DOCUMENTATION_COMMENTS = YES;
				CLANG_WARN_EMPTY_BODY = YES;
				CLANG_WARN_ENUM_CONVERSION = YES;
				CLANG_WARN_INFINITE_RECURSION = YES;
				CLANG_WARN_INT_CONVERSION = YES;
				CLANG_WARN_NON_LITERAL_NULL_CONVERSION = YES;
				CLANG_WARN_OBJC_IMPLICIT_RETAIN_SELF = YES;
				CLANG_WARN_OBJC_LITERAL_CONVERSION = YES;
				CLANG_WARN_OBJC_ROOT_CLASS = YES_ERROR;
				CLANG_WARN_QUOTED_INCLUDE_IN_FRAMEWORK_HEADER = YES;
				CLANG_WARN_RANGE_LOOP_ANALYSIS = YES;
				CLANG_WARN_STRICT_PROTOTYPES = YES;
				CLANG_WARN_SUSPICIOUS_MOVE = YES;
				CLANG_WARN_UNGUARDED_AVAILABILITY = YES_AGGRESSIVE;
				CLANG_WARN_UNREACHABLE_CODE = YES;
				CLANG_WARN__DUPLICATE_METHOD_MATCH = YES;
				COPY_PHASE_STRIP = NO;
				DEBUG_INFORMATION_FORMAT = "dwarf-with-dsym";
				ENABLE_NS_ASSERTIONS = NO;
				ENABLE_STRICT_OBJC_MSGSEND = YES;
				ENABLE_USER_SCRIPT_SANDBOXING = YES;
				GCC_C_LANGUAGE_STANDARD = gnu17;
				GCC_NO_COMMON_BLOCKS = YES;
				GCC_WARN_64_TO_32_BIT_CONVERSION = YES;
				GCC_WARN_ABOUT_RETURN_TYPE = YES_ERROR;
				GCC_WARN_UNDECLARED_SELECTOR = YES;
				GCC_WARN_UNINITIALIZED_AUTOS = YES_AGGRESSIVE;
				GCC_WARN_UNUSED_FUNCTION = YES;
				GCC_WARN_UNUSED_VARIABLE = YES;
				IPHONEOS_DEPLOYMENT_TARGET = 17.4;
				LOCALIZATION_PREFERS_STRING_CATALOGS = YES;
				MTL_ENABLE_DEBUG_INFO = NO;
				MTL_FAST_MATH = YES;
				SDKROOT = iphoneos;
				SWIFT_COMPILATION_MODE = wholemodule;
				VALIDATE_PRODUCT = YES;
			};
			name = Release;
		};
		D720C93B2BEA42DA0069E3DB /* Debug */ = {
			isa = XCBuildConfiguration;
			buildSettings = {
				ASSETCATALOG_COMPILER_APPICON_NAME = AppIcon;
				ASSETCATALOG_COMPILER_GLOBAL_ACCENT_COLOR_NAME = AccentColor;
				CODE_SIGN_STYLE = Automatic;
				CURRENT_PROJECT_VERSION = 1;
				DEVELOPMENT_ASSET_PATHS = "\"Guidebook/Preview Content\"";
				DEVELOPMENT_TEAM = 7S8B447FQX;
				ENABLE_PREVIEWS = YES;
				GENERATE_INFOPLIST_FILE = YES;
				INFOPLIST_KEY_UIApplicationSceneManifest_Generation = YES;
				INFOPLIST_KEY_UIApplicationSupportsIndirectInputEvents = YES;
				INFOPLIST_KEY_UILaunchScreen_Generation = YES;
				INFOPLIST_KEY_UISupportedInterfaceOrientations_iPad = "UIInterfaceOrientationPortrait UIInterfaceOrientationPortraitUpsideDown UIInterfaceOrientationLandscapeLeft UIInterfaceOrientationLandscapeRight";
				INFOPLIST_KEY_UISupportedInterfaceOrientations_iPhone = "UIInterfaceOrientationPortrait UIInterfaceOrientationLandscapeLeft UIInterfaceOrientationLandscapeRight";
				LD_RUNPATH_SEARCH_PATHS = (
					"$(inherited)",
					"@executable_path/Frameworks",
				);
				MARKETING_VERSION = 1.0;
				PRODUCT_BUNDLE_IDENTIFIER = co.nicolasbugdaci.Guidebook;
				PRODUCT_NAME = "$(TARGET_NAME)";
				SWIFT_EMIT_LOC_STRINGS = YES;
				SWIFT_VERSION = 5.0;
				TARGETED_DEVICE_FAMILY = "1,2";
			};
			name = Debug;
		};
		D720C93C2BEA42DA0069E3DB /* Release */ = {
			isa = XCBuildConfiguration;
			buildSettings = {
				ASSETCATALOG_COMPILER_APPICON_NAME = AppIcon;
				ASSETCATALOG_COMPILER_GLOBAL_ACCENT_COLOR_NAME = AccentColor;
				CODE_SIGN_STYLE = Automatic;
				CURRENT_PROJECT_VERSION = 1;
				DEVELOPMENT_ASSET_PATHS = "\"Guidebook/Preview Content\"";
				DEVELOPMENT_TEAM = 7S8B447FQX;
				ENABLE_PREVIEWS = YES;
				GENERATE_INFOPLIST_FILE = YES;
				INFOPLIST_KEY_UIApplicationSceneManifest_Generation = YES;
				INFOPLIST_KEY_UIApplicationSupportsIndirectInputEvents = YES;
				INFOPLIST_KEY_UILaunchScreen_Generation = YES;
				INFOPLIST_KEY_UISupportedInterfaceOrientations_iPad = "UIInterfaceOrientationPortrait UIInterfaceOrientationPortraitUpsideDown UIInterfaceOrientationLandscapeLeft UIInterfaceOrientationLandscapeRight";
				INFOPLIST_KEY_UISupportedInterfaceOrientations_iPhone = "UIInterfaceOrientationPortrait UIInterfaceOrientationLandscapeLeft UIInterfaceOrientationLandscapeRight";
				LD_RUNPATH_SEARCH_PATHS = (
					"$(inherited)",
					"@executable_path/Frameworks",
				);
				MARKETING_VERSION = 1.0;
				PRODUCT_BUNDLE_IDENTIFIER = co.nicolasbugdaci.Guidebook;
				PRODUCT_NAME = "$(TARGET_NAME)";
				SWIFT_EMIT_LOC_STRINGS = YES;
				SWIFT_VERSION = 5.0;
				TARGETED_DEVICE_FAMILY = "1,2";
			};
			name = Release;
		};
/* End XCBuildConfiguration section */

/* Begin XCConfigurationList section */
		D720C9272BEA42D90069E3DB /* Build configuration list for PBXProject "Guidebook" */ = {
			isa = XCConfigurationList;
			buildConfigurations = (
				D720C9382BEA42DA0069E3DB /* Debug */,
				D720C9392BEA42DA0069E3DB /* Release */,
			);
			defaultConfigurationIsVisible = 0;
			defaultConfigurationName = Release;
		};
		D720C93A2BEA42DA0069E3DB /* Build configuration list for PBXNativeTarget "Guidebook" */ = {
			isa = XCConfigurationList;
			buildConfigurations = (
				D720C93B2BEA42DA0069E3DB /* Debug */,
				D720C93C2BEA42DA0069E3DB /* Release */,
			);
			defaultConfigurationIsVisible = 0;
			defaultConfigurationName = Release;
		};
/* End XCConfigurationList section */
	};
	rootObject = D720C9242BEA42D90069E3DB /* Project object */;
}
